
Microsoft Visual Studio Solution File, Format Version 12.00
# Visual Studio 15
VisualStudioVersion = 15.0.26403.0
MinimumVisualStudioVersion = 10.0.40219.1
Project("{F184B08F-C81C-45F6-A57F-5ABD9991F28F}") = "Exact Age", "Exact Age\Exact Age.vbproj", "{208AB449-8F6D-4749-BDC1-7D7D42D847A1}"
EndProject
Global
	GlobalSection(SolutionConfigurationPlatforms) = preSolution
		Debug|Any CPU = Debug|Any CPU
		Release|Any CPU = Release|Any CPU
	EndGlobalSection
	GlobalSection(ProjectConfigurationPlatforms) = postSolution
		{208AB449-8F6D-4749-BDC1-7D7D42D847A1}.Debug|Any CPU.ActiveCfg = Debug|Any CPU
		{208AB449-8F6D-4749-BDC1-7D7D42D847A1}.Debug|Any CPU.Build.0 = Debug|Any CPU
		{208AB449-8F6D-4749-BDC1-7D7D42D847A1}.Release|Any CPU.ActiveCfg = Release|Any CPU
		{208AB449-8F6D-4749-BDC1-7D7D42D847A1}.Release|Any CPU.Build.0 = Release|Any CPU
	EndGlobalSection
	GlobalSection(SolutionProperties) = preSolution
		HideSolutionNode = FALSE
	EndGlobalSection
EndGlobal
