
Microsoft Visual Studio Solution File, Format Version 12.00
# Visual Studio 15
VisualStudioVersion = 15.0.27703.2042
MinimumVisualStudioVersion = 10.0.40219.1
Project("{F184B08F-C81C-45F6-A57F-5ABD9991F28F}") = "Automated Traffic Lights", "Automated Traffic Lights\Automated Traffic Lights.vbproj", "{6A2A4396-2C07-4D74-B61E-D4453F06E93B}"
EndProject
Global
	GlobalSection(SolutionConfigurationPlatforms) = preSolution
		Debug|Any CPU = Debug|Any CPU
		Release|Any CPU = Release|Any CPU
	EndGlobalSection
	GlobalSection(ProjectConfigurationPlatforms) = postSolution
		{6A2A4396-2C07-4D74-B61E-D4453F06E93B}.Debug|Any CPU.ActiveCfg = Debug|Any CPU
		{6A2A4396-2C07-4D74-B61E-D4453F06E93B}.Debug|Any CPU.Build.0 = Debug|Any CPU
		{6A2A4396-2C07-4D74-B61E-D4453F06E93B}.Release|Any CPU.ActiveCfg = Release|Any CPU
		{6A2A4396-2C07-4D74-B61E-D4453F06E93B}.Release|Any CPU.Build.0 = Release|Any CPU
	EndGlobalSection
	GlobalSection(SolutionProperties) = preSolution
		HideSolutionNode = FALSE
	EndGlobalSection
	GlobalSection(ExtensibilityGlobals) = postSolution
		SolutionGuid = {77319B27-70C5-4319-9A08-5E89F46EEF31}
	EndGlobalSection
EndGlobal
